// !$*UTF8*$!
{
	archiveVersion = 1;
	classes = {
	};
	objectVersion = 50;
	objects = {

/* Begin PBXBuildFile section */
		CED8FAD52193C42600F15EB7 /* AppDelegate.swift in Sources */ = {isa = PBXBuildFile; fileRef = CED8FAD42193C42600F15EB7 /* AppDelegate.swift */; };
		CED8FAD72193C42600F15EB7 /* ViewController.swift in Sources */ = {isa = PBXBuildFile; fileRef = CED8FAD62193C42600F15EB7 /* ViewController.swift */; };
		CED8FADA2193C42600F15EB7 /* Main.storyboard in Resources */ = {isa = PBXBuildFile; fileRef = CED8FAD82193C42600F15EB7 /* Main.storyboard */; };
		CED8FADC2193C42900F15EB7 /* Assets.xcassets in Resources */ = {isa = PBXBuildFile; fileRef = CED8FADB2193C42900F15EB7 /* Assets.xcassets */; };
		CED8FADF2193C42900F15EB7 /* LaunchScreen.storyboard in Resources */ = {isa = PBXBuildFile; fileRef = CED8FADD2193C42900F15EB7 /* LaunchScreen.storyboard */; };
		CED8FAE82193C4DF00F15EB7 /* MapKit.framework in Frameworks */ = {isa = PBXBuildFile; fileRef = CED8FAE72193C4DF00F15EB7 /* MapKit.framework */; };
/* End PBXBuildFile section */

/* Begin PBXFileReference section */
		CED8FAD12193C42600F15EB7 /* TriangleOfTokugawa.app */ = {isa = PBXFileReference; explicitFileType = wrapper.application; includeInIndex = 0; path = TriangleOfTokugawa.app; sourceTree = BUILT_PRODUCTS_DIR; };
		CED8FAD42193C42600F15EB7 /* AppDelegate.swift */ = {isa = PBXFileReference; lastKnownFileType = sourcecode.swift; path = AppDelegate.swift; sourceTree = "<group>"; };
		CED8FAD62193C42600F15EB7 /* ViewController.swift */ = {isa = PBXFileReference; lastKnownFileType = sourcecode.swift; path = ViewController.swift; sourceTree = "<group>"; };
		CED8FAD92193C42600F15EB7 /* Base */ = {isa = PBXFileReference; lastKnownFileType = file.storyboard; name = Base; path = Base.lproj/Main.storyboard; sourceTree = "<group>"; };
		CED8FADB2193C42900F15EB7 /* Assets.xcassets */ = {isa = PBXFileReference; lastKnownFileType = folder.assetcatalog; path = Assets.xcassets; sourceTree = "<group>"; };
		CED8FADE2193C42900F15EB7 /* Base */ = {isa = PBXFileReference; lastKnownFileType = file.storyboard; name = Base; path = Base.lproj/LaunchScreen.storyboard; sourceTree = "<group>"; };
		CED8FAE02193C42900F15EB7 /* Info.plist */ = {isa = PBXFileReference; lastKnownFileType = text.plist.xml; path = Info.plist; sourceTree = "<group>"; };
		CED8FAE72193C4DF00F15EB7 /* MapKit.framework */ = {isa = PBXFileReference; lastKnownFileType = wrapper.framework; name = MapKit.framework; path = System/Library/Frameworks/MapKit.framework; sourceTree = SDKROOT; };
/* End PBXFileReference section */

/* Begin PBXFrameworksBuildPhase section */
		CED8FACE2193C42600F15EB7 /* Frameworks */ = {
			isa = PBXFrameworksBuildPhase;
			buildActionMask = 2147483647;
			files = (
				CED8FAE82193C4DF00F15EB7 /* MapKit.framework in Frameworks */,
			);
			runOnlyForDeploymentPostprocessing = 0;
		};
/* End PBXFrameworksBuildPhase section */

/* Begin PBXGroup section */
		CED8FAC82193C42600F15EB7 = {
			isa = PBXGroup;
			children = (
				CED8FAD32193C42600F15EB7 /* TriangleOfTokugawa */,
				CED8FAD22193C42600F15EB7 /* Products */,
				CED8FAE62193C4DF00F15EB7 /* Frameworks */,
			);
			sourceTree = "<group>";
		};
		CED8FAD22193C42600F15EB7 /* Products */ = {
			isa = PBXGroup;
			children = (
				CED8FAD12193C42600F15EB7 /* TriangleOfTokugawa.app */,
			);
			name = Products;
			sourceTree = "<group>";
		};
		CED8FAD32193C42600F15EB7 /* TriangleOfTokugawa */ = {
			isa = PBXGroup;
			children = (
				CED8FAD42193C42600F15EB7 /* AppDelegate.swift */,
				CED8FAD62193C42600F15EB7 /* ViewController.swift */,
				CED8FAD82193C42600F15EB7 /* Main.storyboard */,
				CED8FADB2193C42900F15EB7 /* Assets.xcassets */,
				CED8FADD2193C42900F15EB7 /* LaunchScreen.storyboard */,
				CED8FAE02193C42900F15EB7 /* Info.plist */,
			);
			path = TriangleOfTokugawa;
			sourceTree = "<group>";
		};
		CED8FAE62193C4DF00F15EB7 /* Frameworks */ = {
			isa = PBXGroup;
			children = (
				CED8FAE72193C4DF00F15EB7 /* MapKit.framework */,
			);
			name = Frameworks;
			sourceTree = "<group>";
		};
/* End PBXGroup section */

/* Begin PBXNativeTarget section */
		CED8FAD02193C42600F15EB7 /* TriangleOfTokugawa */ = {
			isa = PBXNativeTarget;
			buildConfigurationList = CED8FAE32193C42900F15EB7 /* Build configuration list for PBXNativeTarget "TriangleOfTokugawa" */;
			buildPhases = (
				CED8FACD2193C42600F15EB7 /* Sources */,
				CED8FACE2193C42600F15EB7 /* Frameworks */,
				CED8FACF2193C42600F15EB7 /* Resources */,
			);
			buildRules = (
			);
			dependencies = (
			);
			name = TriangleOfTokugawa;
			productName = TriangleOfTokugawa;
			productReference = CED8FAD12193C42600F15EB7 /* TriangleOfTokugawa.app */;
			productType = "com.apple.product-type.application";
		};
/* End PBXNativeTarget section */

/* Begin PBXProject section */
		CED8FAC92193C42600F15EB7 /* Project object */ = {
			isa = PBXProject;
			attributes = {
				LastSwiftUpdateCheck = 0940;
				LastUpgradeCheck = 0940;
				ORGANIZATIONNAME = user;
				TargetAttributes = {
					CED8FAD02193C42600F15EB7 = {
						CreatedOnToolsVersion = 9.4.1;
						SystemCapabilities = {
							com.apple.Maps.iOS = {
								enabled = 1;
							};
						};
					};
				};
			};
			buildConfigurationList = CED8FACC2193C42600F15EB7 /* Build configuration list for PBXProject "TriangleOfTokugawa" */;
			compatibilityVersion = "Xcode 9.3";
			developmentRegion = en;
			hasScannedForEncodings = 0;
			knownRegions = (
				en,
				Base,
			);
			mainGroup = CED8FAC82193C42600F15EB7;
			productRefGroup = CED8FAD22193C42600F15EB7 /* Products */;
			projectDirPath = "";
			projectRoot = "";
			targets = (
				CED8FAD02193C42600F15EB7 /* TriangleOfTokugawa */,
			);
		};
/* End PBXProject section */

/* Begin PBXResourcesBuildPhase section */
		CED8FACF2193C42600F15EB7 /* Resources */ = {
			isa = PBXResourcesBuildPhase;
			buildActionMask = 2147483647;
			files = (
				CED8FADF2193C42900F15EB7 /* LaunchScreen.storyboard in Resources */,
				CED8FADC2193C42900F15EB7 /* Assets.xcassets in Resources */,
				CED8FADA2193C42600F15EB7 /* Main.storyboard in Resources */,
			);
			runOnlyForDeploymentPostprocessing = 0;
		};
/* End PBXResourcesBuildPhase section */

/* Begin PBXSourcesBuildPhase section */
		CED8FACD2193C42600F15EB7 /* Sources */ = {
			isa = PBXSourcesBuildPhase;
			buildActionMask = 2147483647;
			files = (
				CED8FAD72193C42600F15EB7 /* ViewController.swift in Sources */,
				CED8FAD52193C42600F15EB7 /* AppDelegate.swift in Sources */,
			);
			runOnlyForDeploymentPostprocessing = 0;
		};
/* End PBXSourcesBuildPhase section */

/* Begin PBXVariantGroup section */
		CED8FAD82193C42600F15EB7 /* Main.storyboard */ = {
			isa = PBXVariantGroup;
			children = (
				CED8FAD92193C42600F15EB7 /* Base */,
			);
			name = Main.storyboard;
			sourceTree = "<group>";
		};
		CED8FADD2193C42900F15EB7 /* LaunchScreen.storyboard */ = {
			isa = PBXVariantGroup;
			children = (
				CED8FADE2193C42900F15EB7 /* Base */,
			);
			name = LaunchScreen.storyboard;
			sourceTree = "<group>";
		};
/* End PBXVariantGroup section */

/* Begin XCBuildConfiguration section */
		CED8FAE12193C42900F15EB7 /* Debug */ = {
			isa = XCBuildConfiguration;
			buildSettings = {
				ALWAYS_SEARCH_USER_PATHS = NO;
				CLANG_ANALYZER_NONNULL = YES;
				CLANG_ANALYZER_NUMBER_OBJECT_CONVERSION = YES_AGGRESSIVE;
				CLANG_CXX_LANGUAGE_STANDARD = "gnu++14";
				CLANG_CXX_LIBRARY = "libc++";
				CLANG_ENABLE_MODULES = YES;
				CLANG_ENABLE_OBJC_ARC = YES;
				CLANG_ENABLE_OBJC_WEAK = YES;
				CLANG_WARN_BLOCK_CAPTURE_AUTORELEASING = YES;
				CLANG_WARN_BOOL_CONVERSION = YES;
				CLANG_WARN_COMMA = YES;
				CLANG_WARN_CONSTANT_CONVERSION = YES;
				CLANG_WARN_DEPRECATED_OBJC_IMPLEMENTATIONS = YES;
				CLANG_WARN_DIRECT_OBJC_ISA_USAGE = YES_ERROR;
				CLANG_WARN_DOCUMENTATION_COMMENTS = YES;
				CLANG_WARN_EMPTY_BODY = YES;
				CLANG_WARN_ENUM_CONVERSION = YES;
				CLANG_WARN_INFINITE_RECURSION = YES;
				CLANG_WARN_INT_CONVERSION = YES;
				CLANG_WARN_NON_LITERAL_NULL_CONVERSION = YES;
				CLANG_WARN_OBJC_IMPLICIT_RETAIN_SELF = YES;
				CLANG_WARN_OBJC_LITERAL_CONVERSION = YES;
				CLANG_WARN_OBJC_ROOT_CLASS = YES_ERROR;
				CLANG_WARN_RANGE_LOOP_ANALYSIS = YES;
				CLANG_WARN_STRICT_PROTOTYPES = YES;
				CLANG_WARN_SUSPICIOUS_MOVE = YES;
				CLANG_WARN_UNGUARDED_AVAILABILITY = YES_AGGRESSIVE;
				CLANG_WARN_UNREACHABLE_CODE = YES;
				CLANG_WARN__DUPLICATE_METHOD_MATCH = YES;
				CODE_SIGN_IDENTITY = "iPhone Developer";
				COPY_PHASE_STRIP = NO;
				DEBUG_INFORMATION_FORMAT = dwarf;
				ENABLE_STRICT_OBJC_MSGSEND = YES;
				ENABLE_TESTABILITY = YES;
				GCC_C_LANGUAGE_STANDARD = gnu11;
				GCC_DYNAMIC_NO_PIC = NO;
				GCC_NO_COMMON_BLOCKS = YES;
				GCC_OPTIMIZATION_LEVEL = 0;
				GCC_PREPROCESSOR_DEFINITIONS = (
					"DEBUG=1",
					"$(inherited)",
				);
				GCC_WARN_64_TO_32_BIT_CONVERSION = YES;
				GCC_WARN_ABOUT_RETURN_TYPE = YES_ERROR;
				GCC_WARN_UNDECLARED_SELECTOR = YES;
				GCC_WARN_UNINITIALIZED_AUTOS = YES_AGGRESSIVE;
				GCC_WARN_UNUSED_FUNCTION = YES;
				GCC_WARN_UNUSED_VARIABLE = YES;
				IPHONEOS_DEPLOYMENT_TARGET = 11.4;
				MTL_ENABLE_DEBUG_INFO = YES;
				ONLY_ACTIVE_ARCH = YES;
				SDKROOT = iphoneos;
				SWIFT_ACTIVE_COMPILATION_CONDITIONS = DEBUG;
				SWIFT_OPTIMIZATION_LEVEL = "-Onone";
			};
			name = Debug;
		};
		CED8FAE22193C42900F15EB7 /* Release */ = {
			isa = XCBuildConfiguration;
			buildSettings = {
				ALWAYS_SEARCH_USER_PATHS = NO;
				CLANG_ANALYZER_NONNULL = YES;
				CLANG_ANALYZER_NUMBER_OBJECT_CONVERSION = YES_AGGRESSIVE;
				CLANG_CXX_LANGUAGE_STANDARD = "gnu++14";
				CLANG_CXX_LIBRARY = "libc++";
				CLANG_ENABLE_MODULES = YES;
				CLANG_ENABLE_OBJC_ARC = YES;
				CLANG_ENABLE_OBJC_WEAK = YES;
				CLANG_WARN_BLOCK_CAPTURE_AUTORELEASING = YES;
				CLANG_WARN_BOOL_CONVERSION = YES;
				CLANG_WARN_COMMA = YES;
				CLANG_WARN_CONSTANT_CONVERSION = YES;
				CLANG_WARN_DEPRECATED_OBJC_IMPLEMENTATIONS = YES;
				CLANG_WARN_DIRECT_OBJC_ISA_USAGE = YES_ERROR;
				CLANG_WARN_DOCUMENTATION_COMMENTS = YES;
				CLANG_WARN_EMPTY_BODY = YES;
				CLANG_WARN_ENUM_CONVERSION = YES;
				CLANG_WARN_INFINITE_RECURSION = YES;
				CLANG_WARN_INT_CONVERSION = YES;
				CLANG_WARN_NON_LITERAL_NULL_CONVERSION = YES;
				CLANG_WARN_OBJC_IMPLICIT_RETAIN_SELF = YES;
				CLANG_WARN_OBJC_LITERAL_CONVERSION = YES;
				CLANG_WARN_OBJC_ROOT_CLASS = YES_ERROR;
				CLANG_WARN_RANGE_LOOP_ANALYSIS = YES;
				CLANG_WARN_STRICT_PROTOTYPES = YES;
				CLANG_WARN_SUSPICIOUS_MOVE = YES;
				CLANG_WARN_UNGUARDED_AVAILABILITY = YES_AGGRESSIVE;
				CLANG_WARN_UNREACHABLE_CODE = YES;
				CLANG_WARN__DUPLICATE_METHOD_MATCH = YES;
				CODE_SIGN_IDENTITY = "iPhone Developer";
				COPY_PHASE_STRIP = NO;
				DEBUG_INFORMATION_FORMAT = "dwarf-with-dsym";
				ENABLE_NS_ASSERTIONS = NO;
				ENABLE_STRICT_OBJC_MSGSEND = YES;
				GCC_C_LANGUAGE_STANDARD = gnu11;
				GCC_NO_COMMON_BLOCKS = YES;
				GCC_WARN_64_TO_32_BIT_CONVERSION = YES;
				GCC_WARN_ABOUT_RETURN_TYPE = YES_ERROR;
				GCC_WARN_UNDECLARED_SELECTOR = YES;
				GCC_WARN_UNINITIALIZED_AUTOS = YES_AGGRESSIVE;
				GCC_WARN_UNUSED_FUNCTION = YES;
				GCC_WARN_UNUSED_VARIABLE = YES;
				IPHONEOS_DEPLOYMENT_TARGET = 11.4;
				MTL_ENABLE_DEBUG_INFO = NO;
				SDKROOT = iphoneos;
				SWIFT_COMPILATION_MODE = wholemodule;
				SWIFT_OPTIMIZATION_LEVEL = "-O";
				VALIDATE_PRODUCT = YES;
			};
			name = Release;
		};
		CED8FAE42193C42900F15EB7 /* Debug */ = {
			isa = XCBuildConfiguration;
			buildSettings = {
				ASSETCATALOG_COMPILER_APPICON_NAME = AppIcon;
				CODE_SIGN_STYLE = Automatic;
				INFOPLIST_FILE = TriangleOfTokugawa/Info.plist;
				LD_RUNPATH_SEARCH_PATHS = (
					"$(inherited)",
					"@executable_path/Frameworks",
				);
				PRODUCT_BUNDLE_IDENTIFIER = edu.self.TriangleOfTokugawa;
				PRODUCT_NAME = "$(TARGET_NAME)";
				SWIFT_VERSION = 4.0;
				TARGETED_DEVICE_FAMILY = "1,2";
			};
			name = Debug;
		};
		CED8FAE52193C42900F15EB7 /* Release */ = {
			isa = XCBuildConfiguration;
			buildSettings = {
				ASSETCATALOG_COMPILER_APPICON_NAME = AppIcon;
				CODE_SIGN_STYLE = Automatic;
				INFOPLIST_FILE = TriangleOfTokugawa/Info.plist;
				LD_RUNPATH_SEARCH_PATHS = (
					"$(inherited)",
					"@executable_path/Frameworks",
				);
				PRODUCT_BUNDLE_IDENTIFIER = edu.self.TriangleOfTokugawa;
				PRODUCT_NAME = "$(TARGET_NAME)";
				SWIFT_VERSION = 4.0;
				TARGETED_DEVICE_FAMILY = "1,2";
			};
			name = Release;
		};
/* End XCBuildConfiguration section */

/* Begin XCConfigurationList section */
		CED8FACC2193C42600F15EB7 /* Build configuration list for PBXProject "TriangleOfTokugawa" */ = {
			isa = XCConfigurationList;
			buildConfigurations = (
				CED8FAE12193C42900F15EB7 /* Debug */,
				CED8FAE22193C42900F15EB7 /* Release */,
			);
			defaultConfigurationIsVisible = 0;
			defaultConfigurationName = Release;
		};
		CED8FAE32193C42900F15EB7 /* Build configuration list for PBXNativeTarget "TriangleOfTokugawa" */ = {
			isa = XCConfigurationList;
			buildConfigurations = (
				CED8FAE42193C42900F15EB7 /* Debug */,
				CED8FAE52193C42900F15EB7 /* Release */,
			);
			defaultConfigurationIsVisible = 0;
			defaultConfigurationName = Release;
		};
/* End XCConfigurationList section */
	};
	rootObject = CED8FAC92193C42600F15EB7 /* Project object */;
}
